
Microsoft Visual Studio Solution File, Format Version 12.00
# Visual Studio Version 17
VisualStudioVersion = 17.5.33502.453
MinimumVisualStudioVersion = 10.0.40219.1
Project("{FAE04EC0-301F-11D3-BF4B-00C04F79EFBC}") = "CourseWork", "CourseWork.csproj", "{3D89720C-64A7-4872-B42D-E1492689B2FD}"
EndProject
Global
	GlobalSection(SolutionConfigurationPlatforms) = preSolution
		Debug|Any CPU = Debug|Any CPU
		Release|Any CPU = Release|Any CPU
	EndGlobalSection
	GlobalSection(ProjectConfigurationPlatforms) = postSolution
		{3D89720C-64A7-4872-B42D-E1492689B2FD}.Debug|Any CPU.ActiveCfg = Debug|Any CPU
		{3D89720C-64A7-4872-B42D-E1492689B2FD}.Debug|Any CPU.Build.0 = Debug|Any CPU
		{3D89720C-64A7-4872-B42D-E1492689B2FD}.Release|Any CPU.ActiveCfg = Release|Any CPU
		{3D89720C-64A7-4872-B42D-E1492689B2FD}.Release|Any CPU.Build.0 = Release|Any CPU
	EndGlobalSection
	GlobalSection(SolutionProperties) = preSolution
		HideSolutionNode = FALSE
	EndGlobalSection
	GlobalSection(ExtensibilityGlobals) = postSolution
		SolutionGuid = {BE670F44-61F1-4337-B468-B26825BECA72}
	EndGlobalSection
EndGlobal
